
Microsoft Visual Studio Solution File, Format Version 12.00
# Visual Studio Version 16
VisualStudioVersion = 16.0.30907.101
MinimumVisualStudioVersion = 10.0.40219.1
Project("{9A19103F-16F7-4668-BE54-9A1E7A4F7556}") = "Artemis.Plugins.DataModelExpansions.DisplaySettings", "DataModelExpansions\Artemis.Plugins.DataModelExpansions.DisplaySettings\Artemis.Plugins.DataModelExpansions.DisplaySettings.csproj", "{399E9AA3-12D6-4076-BDBC-07EB40AF234B}"
EndProject
Project("{9A19103F-16F7-4668-BE54-9A1E7A4F7556}") = "Artemis.Plugins.DataModelExpansions.YTMdesktop", "DataModelExpansions\Artemis.Plugins.DataModelExpansions.YTMdesktop\Artemis.Plugins.DataModelExpansions.YTMdesktop.csproj", "{633A9BF3-A918-4FFA-BB1B-EE4E7CE82715}"
EndProject
Project("{2150E333-8FDC-42A3-9474-1A3956D46DE8}") = "DataModelExpansions", "DataModelExpansions", "{0F036E0A-8F42-4105-BA27-BB2F6EE213A8}"
EndProject
Project("{2150E333-8FDC-42A3-9474-1A3956D46DE8}") = "Device", "Device", "{FE4ECDD6-6870-4A3E-9D01-F046EDB596F9}"
EndProject
Project("{2150E333-8FDC-42A3-9474-1A3956D46DE8}") = "YeeLight", "YeeLight", "{2BF33CD8-076E-495E-A438-EFC2091D43CE}"
EndProject
Project("{9A19103F-16F7-4668-BE54-9A1E7A4F7556}") = "RGB.NET.Devices.YeeLight", "Device\YeeLight\RGB.NET.Devices.YeeLight\RGB.NET.Devices.YeeLight.csproj", "{09B83FAF-FEE2-4A9C-8DD6-43FD1D1125E1}"
EndProject
Project("{9A19103F-16F7-4668-BE54-9A1E7A4F7556}") = "Artemis.Plugins.Devices.YeeLight", "Device\YeeLight\Artemis.Plugins.Devices.YeeLight\Artemis.Plugins.Devices.YeeLight.csproj", "{91063060-E1BD-4C31-9C7B-EE4E66EED7B1}"
EndProject
Project("{2150E333-8FDC-42A3-9474-1A3956D46DE8}") = "LayerBrushes", "LayerBrushes", "{73E03F27-03B1-4AE6-88A8-1CB889EFC94D}"
EndProject
Project("{9A19103F-16F7-4668-BE54-9A1E7A4F7556}") = "Artemis.Plugins.LayerBrushes.SolidPercentage", "LayerBrushes\Artemis.Plugins.LayerBrushes.SolidPercentage\Artemis.Plugins.LayerBrushes.SolidPercentage.csproj", "{354AEE39-DB7A-495E-8214-CA18B2A7D749}"
EndProject
Project("{9A19103F-16F7-4668-BE54-9A1E7A4F7556}") = "Artemis.Plugins.DataModelExpansions.OpenWeather", "DataModelExpansions\Artemis.Plugins.DataModelExpansions.OpenWeather\Artemis.Plugins.DataModelExpansions.OpenWeather.csproj", "{3C8C69E6-9F9D-4684-BFED-1F245E1A9287}"
EndProject
Project("{9A19103F-16F7-4668-BE54-9A1E7A4F7556}") = "Artemis.Plugins.LayerBrushes.ConnectingDots", "LayerBrushes\Artemis.Plugins.LayerBrushes.ConnectingDots\Artemis.Plugins.LayerBrushes.ConnectingDots.csproj", "{EEE5D770-8D00-4D87-B7E6-E545E8896E06}"
EndProject
Project("{2150E333-8FDC-42A3-9474-1A3956D46DE8}") = "Modules", "Modules", "{F1E2EED2-1578-471B-9393-13E9EFC36D04}"
EndProject
Project("{9A19103F-16F7-4668-BE54-9A1E7A4F7556}") = "Artemis.Plugins.LayerBrushes.Ripples", "LayerBrushes\Artemis.Plugins.LayerBrushes.Ripples\Artemis.Plugins.LayerBrushes.Ripples.csproj", "{73BB348F-A977-4E9E-A069-7B71DA63DCC9}"
EndProject
Project("{9A19103F-16F7-4668-BE54-9A1E7A4F7556}") = "Artemis.Plugins.LayerBrushes.Shuffle", "LayerBrushes\Artemis.Plugins.LayerBrushes.Shuffle\Artemis.Plugins.LayerBrushes.Shuffle.csproj", "{60F45EE3-6A22-4072-9BD7-95A4885C72D0}"
EndProject
Project("{9A19103F-16F7-4668-BE54-9A1E7A4F7556}") = "Artemis.Plugins.LayerBrushes.Nexus", "LayerBrushes\Artemis.Plugins.LayerBrushes.Nexus\Artemis.Plugins.LayerBrushes.Nexus.csproj", "{1B77E7E9-E9C7-4487-9E1F-96B5F7FFAD58}"
EndProject
Project("{9A19103F-16F7-4668-BE54-9A1E7A4F7556}") = "Artemis.Plugins.LayerBrushes.HotBar", "LayerBrushes\Artemis.Plugins.LayerBrushes.HotBar\Artemis.Plugins.LayerBrushes.HotBar.csproj", "{684AEE26-3174-4332-B58D-D90B03ACECF0}"
EndProject
Project("{9A19103F-16F7-4668-BE54-9A1E7A4F7556}") = "Artemis.Plugins.Modules.FallGuys", "Modules\Artemis.Plugins.Modules.FallGuys\Artemis.Plugins.Modules.FallGuys.csproj", "{C215E7F3-574E-4C79-8A4E-B072D68EC451}"
EndProject
Project("{9A19103F-16F7-4668-BE54-9A1E7A4F7556}") = "Artemis.Plugins.Modules.RE7", "Modules\Artemis.Plugins.Modules.RE7\Artemis.Plugins.Modules.RE7.csproj", "{8C7056CC-EE44-4A08-A4FE-26D822699F93}"
EndProject
Project("{9A19103F-16F7-4668-BE54-9A1E7A4F7556}") = "Artemis.Plugins.DataModelExpansions.Profiles", "DataModelExpansions\Artemis.Plugins.DataModelExpansions.Profiles\Artemis.Plugins.DataModelExpansions.Profiles.csproj", "{7405F97D-BF9B-4D36-8925-BA7BE5FA9CD7}"
EndProject
Project("{9A19103F-16F7-4668-BE54-9A1E7A4F7556}") = "Artemis.Plugins.Modules.RE8", "Modules\Artemis.Plugins.Modules.RE8\Artemis.Plugins.Modules.RE8.csproj", "{CD245032-F7AB-41BD-8BD5-B86E68DBF4DD}"
EndProject
Project("{9A19103F-16F7-4668-BE54-9A1E7A4F7556}") = "Artemis.Plugins.Module.DynamicExternalDataModule", "DataModelExpansions\Artemis.Plugins.DataModelExpansions.DynamicExternalDataModule\Artemis.Plugins.Module.DynamicExternalDataModule.csproj", "{6E88A9E7-22B3-4C00-A04C-75A1DD2303AE}"
EndProject
Project("{2150E333-8FDC-42A3-9474-1A3956D46DE8}") = "Ledenet", "Ledenet", "{99B7F497-F1D9-4F71-9133-B10E2D00A25C}"
EndProject
Project("{9A19103F-16F7-4668-BE54-9A1E7A4F7556}") = "Artemis.Plugins.Devices.Ledenet", "Device\Ledenet\Artemis.Plugins.Devices.MagicHome\Artemis.Plugins.Devices.Ledenet.csproj", "{5F15DBD1-C895-4965-B238-CA69F0706F40}"
EndProject
Project("{9A19103F-16F7-4668-BE54-9A1E7A4F7556}") = "RGB.NET.Devices.Ledenet", "Device\Ledenet\RGB.NET.Devices.MagicHome\RGB.NET.Devices.Ledenet.csproj", "{41FCAA62-F0F9-470A-9B73-122D2C0B9EF2}"
EndProject
Global
	GlobalSection(SolutionConfigurationPlatforms) = preSolution
		Debug|Any CPU = Debug|Any CPU
		Debug|x64 = Debug|x64
		Release|Any CPU = Release|Any CPU
		Release|x64 = Release|x64
	EndGlobalSection
	GlobalSection(ProjectConfigurationPlatforms) = postSolution
		{399E9AA3-12D6-4076-BDBC-07EB40AF234B}.Debug|Any CPU.ActiveCfg = Debug|x64
		{399E9AA3-12D6-4076-BDBC-07EB40AF234B}.Debug|Any CPU.Build.0 = Debug|x64
		{399E9AA3-12D6-4076-BDBC-07EB40AF234B}.Debug|x64.ActiveCfg = Debug|x64
		{399E9AA3-12D6-4076-BDBC-07EB40AF234B}.Debug|x64.Build.0 = Debug|x64
		{399E9AA3-12D6-4076-BDBC-07EB40AF234B}.Release|Any CPU.ActiveCfg = Release|x64
		{399E9AA3-12D6-4076-BDBC-07EB40AF234B}.Release|Any CPU.Build.0 = Release|x64
		{399E9AA3-12D6-4076-BDBC-07EB40AF234B}.Release|x64.ActiveCfg = Release|x64
		{399E9AA3-12D6-4076-BDBC-07EB40AF234B}.Release|x64.Build.0 = Release|x64
		{633A9BF3-A918-4FFA-BB1B-EE4E7CE82715}.Debug|Any CPU.ActiveCfg = Debug|x64
		{633A9BF3-A918-4FFA-BB1B-EE4E7CE82715}.Debug|Any CPU.Build.0 = Debug|x64
		{633A9BF3-A918-4FFA-BB1B-EE4E7CE82715}.Debug|x64.ActiveCfg = Debug|x64
		{633A9BF3-A918-4FFA-BB1B-EE4E7CE82715}.Debug|x64.Build.0 = Debug|x64
		{633A9BF3-A918-4FFA-BB1B-EE4E7CE82715}.Release|Any CPU.ActiveCfg = Release|x64
		{633A9BF3-A918-4FFA-BB1B-EE4E7CE82715}.Release|Any CPU.Build.0 = Release|x64
		{633A9BF3-A918-4FFA-BB1B-EE4E7CE82715}.Release|x64.ActiveCfg = Release|x64
		{633A9BF3-A918-4FFA-BB1B-EE4E7CE82715}.Release|x64.Build.0 = Release|x64
		{09B83FAF-FEE2-4A9C-8DD6-43FD1D1125E1}.Debug|Any CPU.ActiveCfg = Debug|Any CPU
		{09B83FAF-FEE2-4A9C-8DD6-43FD1D1125E1}.Debug|Any CPU.Build.0 = Debug|Any CPU
		{09B83FAF-FEE2-4A9C-8DD6-43FD1D1125E1}.Debug|x64.ActiveCfg = Debug|Any CPU
		{09B83FAF-FEE2-4A9C-8DD6-43FD1D1125E1}.Debug|x64.Build.0 = Debug|Any CPU
		{09B83FAF-FEE2-4A9C-8DD6-43FD1D1125E1}.Release|Any CPU.ActiveCfg = Release|Any CPU
		{09B83FAF-FEE2-4A9C-8DD6-43FD1D1125E1}.Release|Any CPU.Build.0 = Release|Any CPU
		{09B83FAF-FEE2-4A9C-8DD6-43FD1D1125E1}.Release|x64.ActiveCfg = Release|Any CPU
		{09B83FAF-FEE2-4A9C-8DD6-43FD1D1125E1}.Release|x64.Build.0 = Release|Any CPU
		{91063060-E1BD-4C31-9C7B-EE4E66EED7B1}.Debug|Any CPU.ActiveCfg = Debug|x64
		{91063060-E1BD-4C31-9C7B-EE4E66EED7B1}.Debug|Any CPU.Build.0 = Debug|x64
		{91063060-E1BD-4C31-9C7B-EE4E66EED7B1}.Debug|x64.ActiveCfg = Debug|x64
		{91063060-E1BD-4C31-9C7B-EE4E66EED7B1}.Debug|x64.Build.0 = Debug|x64
		{91063060-E1BD-4C31-9C7B-EE4E66EED7B1}.Release|Any CPU.ActiveCfg = Release|x64
		{91063060-E1BD-4C31-9C7B-EE4E66EED7B1}.Release|Any CPU.Build.0 = Release|x64
		{91063060-E1BD-4C31-9C7B-EE4E66EED7B1}.Release|x64.ActiveCfg = Release|x64
		{91063060-E1BD-4C31-9C7B-EE4E66EED7B1}.Release|x64.Build.0 = Release|x64
		{354AEE39-DB7A-495E-8214-CA18B2A7D749}.Debug|Any CPU.ActiveCfg = Debug|x64
		{354AEE39-DB7A-495E-8214-CA18B2A7D749}.Debug|Any CPU.Build.0 = Debug|x64
		{354AEE39-DB7A-495E-8214-CA18B2A7D749}.Debug|x64.ActiveCfg = Debug|x64
		{354AEE39-DB7A-495E-8214-CA18B2A7D749}.Debug|x64.Build.0 = Debug|x64
		{354AEE39-DB7A-495E-8214-CA18B2A7D749}.Release|Any CPU.ActiveCfg = Release|x64
		{354AEE39-DB7A-495E-8214-CA18B2A7D749}.Release|Any CPU.Build.0 = Release|x64
		{354AEE39-DB7A-495E-8214-CA18B2A7D749}.Release|x64.ActiveCfg = Release|x64
		{354AEE39-DB7A-495E-8214-CA18B2A7D749}.Release|x64.Build.0 = Release|x64
		{3C8C69E6-9F9D-4684-BFED-1F245E1A9287}.Debug|Any CPU.ActiveCfg = Debug|x64
		{3C8C69E6-9F9D-4684-BFED-1F245E1A9287}.Debug|Any CPU.Build.0 = Debug|x64
		{3C8C69E6-9F9D-4684-BFED-1F245E1A9287}.Debug|x64.ActiveCfg = Debug|x64
		{3C8C69E6-9F9D-4684-BFED-1F245E1A9287}.Debug|x64.Build.0 = Debug|x64
		{3C8C69E6-9F9D-4684-BFED-1F245E1A9287}.Release|Any CPU.ActiveCfg = Release|x64
		{3C8C69E6-9F9D-4684-BFED-1F245E1A9287}.Release|Any CPU.Build.0 = Release|x64
		{3C8C69E6-9F9D-4684-BFED-1F245E1A9287}.Release|x64.ActiveCfg = Release|x64
		{3C8C69E6-9F9D-4684-BFED-1F245E1A9287}.Release|x64.Build.0 = Release|x64
		{EEE5D770-8D00-4D87-B7E6-E545E8896E06}.Debug|Any CPU.ActiveCfg = Debug|x64
		{EEE5D770-8D00-4D87-B7E6-E545E8896E06}.Debug|Any CPU.Build.0 = Debug|x64
		{EEE5D770-8D00-4D87-B7E6-E545E8896E06}.Debug|x64.ActiveCfg = Debug|x64
		{EEE5D770-8D00-4D87-B7E6-E545E8896E06}.Debug|x64.Build.0 = Debug|x64
		{EEE5D770-8D00-4D87-B7E6-E545E8896E06}.Release|Any CPU.ActiveCfg = Release|x64
		{EEE5D770-8D00-4D87-B7E6-E545E8896E06}.Release|Any CPU.Build.0 = Release|x64
		{EEE5D770-8D00-4D87-B7E6-E545E8896E06}.Release|x64.ActiveCfg = Release|x64
		{EEE5D770-8D00-4D87-B7E6-E545E8896E06}.Release|x64.Build.0 = Release|x64
		{73BB348F-A977-4E9E-A069-7B71DA63DCC9}.Debug|Any CPU.ActiveCfg = Debug|x64
		{73BB348F-A977-4E9E-A069-7B71DA63DCC9}.Debug|Any CPU.Build.0 = Debug|x64
		{73BB348F-A977-4E9E-A069-7B71DA63DCC9}.Debug|x64.ActiveCfg = Debug|x64
		{73BB348F-A977-4E9E-A069-7B71DA63DCC9}.Debug|x64.Build.0 = Debug|x64
		{73BB348F-A977-4E9E-A069-7B71DA63DCC9}.Release|Any CPU.ActiveCfg = Release|x64
		{73BB348F-A977-4E9E-A069-7B71DA63DCC9}.Release|Any CPU.Build.0 = Release|x64
		{73BB348F-A977-4E9E-A069-7B71DA63DCC9}.Release|x64.ActiveCfg = Release|x64
		{73BB348F-A977-4E9E-A069-7B71DA63DCC9}.Release|x64.Build.0 = Release|x64
		{60F45EE3-6A22-4072-9BD7-95A4885C72D0}.Debug|Any CPU.ActiveCfg = Debug|x64
		{60F45EE3-6A22-4072-9BD7-95A4885C72D0}.Debug|Any CPU.Build.0 = Debug|x64
		{60F45EE3-6A22-4072-9BD7-95A4885C72D0}.Debug|x64.ActiveCfg = Debug|x64
		{60F45EE3-6A22-4072-9BD7-95A4885C72D0}.Debug|x64.Build.0 = Debug|x64
		{60F45EE3-6A22-4072-9BD7-95A4885C72D0}.Release|Any CPU.ActiveCfg = Release|x64
		{60F45EE3-6A22-4072-9BD7-95A4885C72D0}.Release|Any CPU.Build.0 = Release|x64
		{60F45EE3-6A22-4072-9BD7-95A4885C72D0}.Release|x64.ActiveCfg = Release|x64
		{60F45EE3-6A22-4072-9BD7-95A4885C72D0}.Release|x64.Build.0 = Release|x64
		{1B77E7E9-E9C7-4487-9E1F-96B5F7FFAD58}.Debug|Any CPU.ActiveCfg = Debug|x64
		{1B77E7E9-E9C7-4487-9E1F-96B5F7FFAD58}.Debug|Any CPU.Build.0 = Debug|x64
		{1B77E7E9-E9C7-4487-9E1F-96B5F7FFAD58}.Debug|x64.ActiveCfg = Debug|x64
		{1B77E7E9-E9C7-4487-9E1F-96B5F7FFAD58}.Debug|x64.Build.0 = Debug|x64
		{1B77E7E9-E9C7-4487-9E1F-96B5F7FFAD58}.Release|Any CPU.ActiveCfg = Release|x64
		{1B77E7E9-E9C7-4487-9E1F-96B5F7FFAD58}.Release|Any CPU.Build.0 = Release|x64
		{1B77E7E9-E9C7-4487-9E1F-96B5F7FFAD58}.Release|x64.ActiveCfg = Release|x64
		{1B77E7E9-E9C7-4487-9E1F-96B5F7FFAD58}.Release|x64.Build.0 = Release|x64
		{684AEE26-3174-4332-B58D-D90B03ACECF0}.Debug|Any CPU.ActiveCfg = Debug|x64
		{684AEE26-3174-4332-B58D-D90B03ACECF0}.Debug|Any CPU.Build.0 = Debug|x64
		{684AEE26-3174-4332-B58D-D90B03ACECF0}.Debug|x64.ActiveCfg = Debug|x64
		{684AEE26-3174-4332-B58D-D90B03ACECF0}.Debug|x64.Build.0 = Debug|x64
		{684AEE26-3174-4332-B58D-D90B03ACECF0}.Release|Any CPU.ActiveCfg = Release|x64
		{684AEE26-3174-4332-B58D-D90B03ACECF0}.Release|Any CPU.Build.0 = Release|x64
		{684AEE26-3174-4332-B58D-D90B03ACECF0}.Release|x64.ActiveCfg = Release|x64
		{684AEE26-3174-4332-B58D-D90B03ACECF0}.Release|x64.Build.0 = Release|x64
		{C215E7F3-574E-4C79-8A4E-B072D68EC451}.Debug|Any CPU.ActiveCfg = Debug|x64
		{C215E7F3-574E-4C79-8A4E-B072D68EC451}.Debug|Any CPU.Build.0 = Debug|x64
		{C215E7F3-574E-4C79-8A4E-B072D68EC451}.Debug|x64.ActiveCfg = Debug|x64
		{C215E7F3-574E-4C79-8A4E-B072D68EC451}.Debug|x64.Build.0 = Debug|x64
		{C215E7F3-574E-4C79-8A4E-B072D68EC451}.Release|Any CPU.ActiveCfg = Release|x64
		{C215E7F3-574E-4C79-8A4E-B072D68EC451}.Release|Any CPU.Build.0 = Release|x64
		{C215E7F3-574E-4C79-8A4E-B072D68EC451}.Release|x64.ActiveCfg = Release|x64
		{C215E7F3-574E-4C79-8A4E-B072D68EC451}.Release|x64.Build.0 = Release|x64
		{8C7056CC-EE44-4A08-A4FE-26D822699F93}.Debug|Any CPU.ActiveCfg = Debug|x64
		{8C7056CC-EE44-4A08-A4FE-26D822699F93}.Debug|Any CPU.Build.0 = Debug|x64
		{8C7056CC-EE44-4A08-A4FE-26D822699F93}.Debug|x64.ActiveCfg = Debug|x64
		{8C7056CC-EE44-4A08-A4FE-26D822699F93}.Debug|x64.Build.0 = Debug|x64
		{8C7056CC-EE44-4A08-A4FE-26D822699F93}.Release|Any CPU.ActiveCfg = Release|x64
		{8C7056CC-EE44-4A08-A4FE-26D822699F93}.Release|Any CPU.Build.0 = Release|x64
		{8C7056CC-EE44-4A08-A4FE-26D822699F93}.Release|x64.ActiveCfg = Release|x64
		{8C7056CC-EE44-4A08-A4FE-26D822699F93}.Release|x64.Build.0 = Release|x64
		{7405F97D-BF9B-4D36-8925-BA7BE5FA9CD7}.Debug|Any CPU.ActiveCfg = Debug|x64
		{7405F97D-BF9B-4D36-8925-BA7BE5FA9CD7}.Debug|Any CPU.Build.0 = Debug|x64
		{7405F97D-BF9B-4D36-8925-BA7BE5FA9CD7}.Debug|x64.ActiveCfg = Debug|x64
		{7405F97D-BF9B-4D36-8925-BA7BE5FA9CD7}.Debug|x64.Build.0 = Debug|x64
		{7405F97D-BF9B-4D36-8925-BA7BE5FA9CD7}.Release|Any CPU.ActiveCfg = Release|x64
		{7405F97D-BF9B-4D36-8925-BA7BE5FA9CD7}.Release|Any CPU.Build.0 = Release|x64
		{7405F97D-BF9B-4D36-8925-BA7BE5FA9CD7}.Release|x64.ActiveCfg = Release|x64
		{7405F97D-BF9B-4D36-8925-BA7BE5FA9CD7}.Release|x64.Build.0 = Release|x64
		{CD245032-F7AB-41BD-8BD5-B86E68DBF4DD}.Debug|Any CPU.ActiveCfg = Debug|x64
		{CD245032-F7AB-41BD-8BD5-B86E68DBF4DD}.Debug|Any CPU.Build.0 = Debug|x64
		{CD245032-F7AB-41BD-8BD5-B86E68DBF4DD}.Debug|x64.ActiveCfg = Debug|x64
		{CD245032-F7AB-41BD-8BD5-B86E68DBF4DD}.Debug|x64.Build.0 = Debug|x64
		{CD245032-F7AB-41BD-8BD5-B86E68DBF4DD}.Release|Any CPU.ActiveCfg = Release|x64
		{CD245032-F7AB-41BD-8BD5-B86E68DBF4DD}.Release|Any CPU.Build.0 = Release|x64
		{CD245032-F7AB-41BD-8BD5-B86E68DBF4DD}.Release|x64.ActiveCfg = Release|x64
		{CD245032-F7AB-41BD-8BD5-B86E68DBF4DD}.Release|x64.Build.0 = Release|x64
		{6E88A9E7-22B3-4C00-A04C-75A1DD2303AE}.Debug|Any CPU.ActiveCfg = Debug|x64
		{6E88A9E7-22B3-4C00-A04C-75A1DD2303AE}.Debug|Any CPU.Build.0 = Debug|x64
		{6E88A9E7-22B3-4C00-A04C-75A1DD2303AE}.Debug|x64.ActiveCfg = Debug|x64
		{6E88A9E7-22B3-4C00-A04C-75A1DD2303AE}.Debug|x64.Build.0 = Debug|x64
		{6E88A9E7-22B3-4C00-A04C-75A1DD2303AE}.Release|Any CPU.ActiveCfg = Release|x64
		{6E88A9E7-22B3-4C00-A04C-75A1DD2303AE}.Release|Any CPU.Build.0 = Release|x64
		{6E88A9E7-22B3-4C00-A04C-75A1DD2303AE}.Release|x64.ActiveCfg = Release|x64
		{6E88A9E7-22B3-4C00-A04C-75A1DD2303AE}.Release|x64.Build.0 = Release|x64
		{5F15DBD1-C895-4965-B238-CA69F0706F40}.Debug|Any CPU.ActiveCfg = Debug|x64
		{5F15DBD1-C895-4965-B238-CA69F0706F40}.Debug|x64.ActiveCfg = Debug|x64
		{5F15DBD1-C895-4965-B238-CA69F0706F40}.Debug|x64.Build.0 = Debug|x64
		{5F15DBD1-C895-4965-B238-CA69F0706F40}.Release|Any CPU.ActiveCfg = Release|x64
		{5F15DBD1-C895-4965-B238-CA69F0706F40}.Release|x64.ActiveCfg = Release|x64
		{5F15DBD1-C895-4965-B238-CA69F0706F40}.Release|x64.Build.0 = Release|x64
		{41FCAA62-F0F9-470A-9B73-122D2C0B9EF2}.Debug|Any CPU.ActiveCfg = Debug|Any CPU
		{41FCAA62-F0F9-470A-9B73-122D2C0B9EF2}.Debug|Any CPU.Build.0 = Debug|Any CPU
		{41FCAA62-F0F9-470A-9B73-122D2C0B9EF2}.Debug|x64.ActiveCfg = Debug|Any CPU
		{41FCAA62-F0F9-470A-9B73-122D2C0B9EF2}.Debug|x64.Build.0 = Debug|Any CPU
		{41FCAA62-F0F9-470A-9B73-122D2C0B9EF2}.Release|Any CPU.ActiveCfg = Release|Any CPU
		{41FCAA62-F0F9-470A-9B73-122D2C0B9EF2}.Release|Any CPU.Build.0 = Release|Any CPU
		{41FCAA62-F0F9-470A-9B73-122D2C0B9EF2}.Release|x64.ActiveCfg = Release|Any CPU
		{41FCAA62-F0F9-470A-9B73-122D2C0B9EF2}.Release|x64.Build.0 = Release|Any CPU
	EndGlobalSection
	GlobalSection(SolutionProperties) = preSolution
		HideSolutionNode = FALSE
	EndGlobalSection
	GlobalSection(NestedProjects) = preSolution
		{399E9AA3-12D6-4076-BDBC-07EB40AF234B} = {0F036E0A-8F42-4105-BA27-BB2F6EE213A8}
		{633A9BF3-A918-4FFA-BB1B-EE4E7CE82715} = {0F036E0A-8F42-4105-BA27-BB2F6EE213A8}
		{2BF33CD8-076E-495E-A438-EFC2091D43CE} = {FE4ECDD6-6870-4A3E-9D01-F046EDB596F9}
		{09B83FAF-FEE2-4A9C-8DD6-43FD1D1125E1} = {2BF33CD8-076E-495E-A438-EFC2091D43CE}
		{91063060-E1BD-4C31-9C7B-EE4E66EED7B1} = {2BF33CD8-076E-495E-A438-EFC2091D43CE}
		{354AEE39-DB7A-495E-8214-CA18B2A7D749} = {73E03F27-03B1-4AE6-88A8-1CB889EFC94D}
		{3C8C69E6-9F9D-4684-BFED-1F245E1A9287} = {0F036E0A-8F42-4105-BA27-BB2F6EE213A8}
		{EEE5D770-8D00-4D87-B7E6-E545E8896E06} = {73E03F27-03B1-4AE6-88A8-1CB889EFC94D}
		{73BB348F-A977-4E9E-A069-7B71DA63DCC9} = {73E03F27-03B1-4AE6-88A8-1CB889EFC94D}
		{60F45EE3-6A22-4072-9BD7-95A4885C72D0} = {73E03F27-03B1-4AE6-88A8-1CB889EFC94D}
		{1B77E7E9-E9C7-4487-9E1F-96B5F7FFAD58} = {73E03F27-03B1-4AE6-88A8-1CB889EFC94D}
		{684AEE26-3174-4332-B58D-D90B03ACECF0} = {73E03F27-03B1-4AE6-88A8-1CB889EFC94D}
		{C215E7F3-574E-4C79-8A4E-B072D68EC451} = {F1E2EED2-1578-471B-9393-13E9EFC36D04}
		{8C7056CC-EE44-4A08-A4FE-26D822699F93} = {F1E2EED2-1578-471B-9393-13E9EFC36D04}
		{7405F97D-BF9B-4D36-8925-BA7BE5FA9CD7} = {0F036E0A-8F42-4105-BA27-BB2F6EE213A8}
		{CD245032-F7AB-41BD-8BD5-B86E68DBF4DD} = {F1E2EED2-1578-471B-9393-13E9EFC36D04}
		{6E88A9E7-22B3-4C00-A04C-75A1DD2303AE} = {0F036E0A-8F42-4105-BA27-BB2F6EE213A8}
		{99B7F497-F1D9-4F71-9133-B10E2D00A25C} = {FE4ECDD6-6870-4A3E-9D01-F046EDB596F9}
		{5F15DBD1-C895-4965-B238-CA69F0706F40} = {99B7F497-F1D9-4F71-9133-B10E2D00A25C}
		{41FCAA62-F0F9-470A-9B73-122D2C0B9EF2} = {99B7F497-F1D9-4F71-9133-B10E2D00A25C}
	EndGlobalSection
	GlobalSection(ExtensibilityGlobals) = postSolution
		SolutionGuid = {11371D22-FDA3-41EA-8116-69E48DD68579}
	EndGlobalSection
EndGlobal
